# This file is automatically @generated by Poetry 1.8.2 and should not be changed by hand.

[[package]]
name = "mpyc"
version = "0.10"
description = "MPyC for Multiparty Computation in Python"
optional = false
python-versions = ">=3.9"
files = [
    {file = "mpyc-0.10-py3-none-any.whl", hash = "sha256:321cb44b7f4355c19a97e6f791d1d6128c0316906fc3bfb07a862e0c04940bf8"},
    {file = "mpyc-0.10.tar.gz", hash = "sha256:c42d4d062424e840aa1ab2a938955aa7e36ed0eb6d8b82f0ccf98f9288fea5c3"},
]

[metadata]
lock-version = "2.0"
python-versions = "^3.11"
content-hash = "a87761d28ec59cecfcd2c015f736921006c74e00f505f54a5dc63c0d99a22e22"
